// !$*UTF8*$!
{
	archiveVersion = 1;
	classes = {
	};
	objectVersion = 55;
	objects = {

/* Begin PBXBuildFile section */
		04C16A4A27FC8EB300D639E1 /* CitiesViewModel.swift in Sources */ = {isa = PBXBuildFile; fileRef = 04C16A4927FC8EB300D639E1 /* CitiesViewModel.swift */; };
		04C16A4C27FC9EF000D639E1 /* CityCellViewModel.swift in Sources */ = {isa = PBXBuildFile; fileRef = 04C16A4B27FC9EF000D639E1 /* CityCellViewModel.swift */; };
		04C16A4E27FCA01D00D639E1 /* CitiesViewController.swift in Sources */ = {isa = PBXBuildFile; fileRef = 04C16A4D27FCA01D00D639E1 /* CitiesViewController.swift */; };
		04C16A5A27FCB47400D639E1 /* CityTableViewCell.swift in Sources */ = {isa = PBXBuildFile; fileRef = 04C16A5827FCB47400D639E1 /* CityTableViewCell.swift */; };
		04C16A5B27FCB47400D639E1 /* CityTableViewCell.xib in Resources */ = {isa = PBXBuildFile; fileRef = 04C16A5927FCB47400D639E1 /* CityTableViewCell.xib */; };
		04E80BDC27FC6DDA0022D00C /* AppDelegate.swift in Sources */ = {isa = PBXBuildFile; fileRef = 04E80BDB27FC6DDA0022D00C /* AppDelegate.swift */; };
		04E80BDE27FC6DDA0022D00C /* SceneDelegate.swift in Sources */ = {isa = PBXBuildFile; fileRef = 04E80BDD27FC6DDA0022D00C /* SceneDelegate.swift */; };
		04E80BE327FC6DDA0022D00C /* Weather.storyboard in Resources */ = {isa = PBXBuildFile; fileRef = 04E80BE127FC6DDA0022D00C /* Weather.storyboard */; };
		04E80BE627FC6DDA0022D00C /* Weather.xcdatamodeld in Sources */ = {isa = PBXBuildFile; fileRef = 04E80BE427FC6DDA0022D00C /* Weather.xcdatamodeld */; };
		04E80BE827FC6DDB0022D00C /* Assets.xcassets in Resources */ = {isa = PBXBuildFile; fileRef = 04E80BE727FC6DDB0022D00C /* Assets.xcassets */; };
		04E80BEB27FC6DDB0022D00C /* LaunchScreen.storyboard in Resources */ = {isa = PBXBuildFile; fileRef = 04E80BE927FC6DDB0022D00C /* LaunchScreen.storyboard */; };
/* End PBXBuildFile section */

/* Begin PBXFileReference section */
		04C16A4927FC8EB300D639E1 /* CitiesViewModel.swift */ = {isa = PBXFileReference; lastKnownFileType = sourcecode.swift; path = CitiesViewModel.swift; sourceTree = "<group>"; };
		04C16A4B27FC9EF000D639E1 /* CityCellViewModel.swift */ = {isa = PBXFileReference; lastKnownFileType = sourcecode.swift; path = CityCellViewModel.swift; sourceTree = "<group>"; };
		04C16A4D27FCA01D00D639E1 /* CitiesViewController.swift */ = {isa = PBXFileReference; lastKnownFileType = sourcecode.swift; path = CitiesViewController.swift; sourceTree = "<group>"; };
		04C16A5827FCB47400D639E1 /* CityTableViewCell.swift */ = {isa = PBXFileReference; lastKnownFileType = sourcecode.swift; path = CityTableViewCell.swift; sourceTree = "<group>"; };
		04C16A5927FCB47400D639E1 /* CityTableViewCell.xib */ = {isa = PBXFileReference; lastKnownFileType = file.xib; path = CityTableViewCell.xib; sourceTree = "<group>"; };
		04E80BD827FC6DDA0022D00C /* Weather.app */ = {isa = PBXFileReference; explicitFileType = wrapper.application; includeInIndex = 0; path = Weather.app; sourceTree = BUILT_PRODUCTS_DIR; };
		04E80BDB27FC6DDA0022D00C /* AppDelegate.swift */ = {isa = PBXFileReference; lastKnownFileType = sourcecode.swift; path = AppDelegate.swift; sourceTree = "<group>"; };
		04E80BDD27FC6DDA0022D00C /* SceneDelegate.swift */ = {isa = PBXFileReference; lastKnownFileType = sourcecode.swift; path = SceneDelegate.swift; sourceTree = "<group>"; };
		04E80BE227FC6DDA0022D00C /* Base */ = {isa = PBXFileReference; lastKnownFileType = file.storyboard; name = Base; path = Base.lproj/Weather.storyboard; sourceTree = "<group>"; };
		04E80BE527FC6DDA0022D00C /* Weather.xcdatamodel */ = {isa = PBXFileReference; lastKnownFileType = wrapper.xcdatamodel; path = Weather.xcdatamodel; sourceTree = "<group>"; };
		04E80BE727FC6DDB0022D00C /* Assets.xcassets */ = {isa = PBXFileReference; lastKnownFileType = folder.assetcatalog; path = Assets.xcassets; sourceTree = "<group>"; };
		04E80BEA27FC6DDB0022D00C /* Base */ = {isa = PBXFileReference; lastKnownFileType = file.storyboard; name = Base; path = Base.lproj/LaunchScreen.storyboard; sourceTree = "<group>"; };
		04E80BEC27FC6DDB0022D00C /* Info.plist */ = {isa = PBXFileReference; lastKnownFileType = text.plist.xml; path = Info.plist; sourceTree = "<group>"; };
/* End PBXFileReference section */

/* Begin PBXFrameworksBuildPhase section */
		04E80BD527FC6DDA0022D00C /* Frameworks */ = {
			isa = PBXFrameworksBuildPhase;
			buildActionMask = 2147483647;
			files = (
			);
			runOnlyForDeploymentPostprocessing = 0;
		};
/* End PBXFrameworksBuildPhase section */

/* Begin PBXGroup section */
		04C16A4F27FCA09500D639E1 /* Views */ = {
			isa = PBXGroup;
			children = (
				04C16A5C27FCB49E00D639E1 /* CityTableViewCell */,
			);
			path = Views;
			sourceTree = "<group>";
		};
		04C16A5C27FCB49E00D639E1 /* CityTableViewCell */ = {
			isa = PBXGroup;
			children = (
				04C16A5827FCB47400D639E1 /* CityTableViewCell.swift */,
				04C16A5927FCB47400D639E1 /* CityTableViewCell.xib */,
			);
			path = CityTableViewCell;
			sourceTree = "<group>";
		};
		04E80BCF27FC6DDA0022D00C = {
			isa = PBXGroup;
			children = (
				04E80BDA27FC6DDA0022D00C /* Weather */,
				04E80BD927FC6DDA0022D00C /* Products */,
			);
			sourceTree = "<group>";
		};
		04E80BD927FC6DDA0022D00C /* Products */ = {
			isa = PBXGroup;
			children = (
				04E80BD827FC6DDA0022D00C /* Weather.app */,
			);
			name = Products;
			sourceTree = "<group>";
		};
		04E80BDA27FC6DDA0022D00C /* Weather */ = {
			isa = PBXGroup;
			children = (
				04E80BF827FC77500022D00C /* Services */,
				04E80BF727FC77280022D00C /* Utilities */,
				04E80BDB27FC6DDA0022D00C /* AppDelegate.swift */,
				04E80BDD27FC6DDA0022D00C /* SceneDelegate.swift */,
				04E80BE727FC6DDB0022D00C /* Assets.xcassets */,
				04E80BEC27FC6DDB0022D00C /* Info.plist */,
				04E80BE427FC6DDA0022D00C /* Weather.xcdatamodeld */,
				04E80BF227FC76980022D00C /* Storyboards */,
				04C16A4F27FCA09500D639E1 /* Views */,
				04E80BF627FC76F90022D00C /* Controllers */,
				04E80BF427FC76DC0022D00C /* Models */,
				04E80BF527FC76EA0022D00C /* View Models */,
			);
			path = Weather;
			sourceTree = "<group>";
		};
		04E80BF227FC76980022D00C /* Storyboards */ = {
			isa = PBXGroup;
			children = (
				04E80BE127FC6DDA0022D00C /* Weather.storyboard */,
				04E80BE927FC6DDB0022D00C /* LaunchScreen.storyboard */,
			);
			path = Storyboards;
			sourceTree = "<group>";
		};
		04E80BF427FC76DC0022D00C /* Models */ = {
			isa = PBXGroup;
			children = (
			);
			path = Models;
			sourceTree = "<group>";
		};
		04E80BF527FC76EA0022D00C /* View Models */ = {
			isa = PBXGroup;
			children = (
				04C16A4927FC8EB300D639E1 /* CitiesViewModel.swift */,
				04C16A4B27FC9EF000D639E1 /* CityCellViewModel.swift */,
			);
			path = "View Models";
			sourceTree = "<group>";
		};
		04E80BF627FC76F90022D00C /* Controllers */ = {
			isa = PBXGroup;
			children = (
				04C16A4D27FCA01D00D639E1 /* CitiesViewController.swift */,
			);
			path = Controllers;
			sourceTree = "<group>";
		};
		04E80BF727FC77280022D00C /* Utilities */ = {
			isa = PBXGroup;
			children = (
			);
			path = Utilities;
			sourceTree = "<group>";
		};
		04E80BF827FC77500022D00C /* Services */ = {
			isa = PBXGroup;
			children = (
			);
			path = Services;
			sourceTree = "<group>";
		};
/* End PBXGroup section */

/* Begin PBXNativeTarget section */
		04E80BD727FC6DDA0022D00C /* Weather */ = {
			isa = PBXNativeTarget;
			buildConfigurationList = 04E80BEF27FC6DDB0022D00C /* Build configuration list for PBXNativeTarget "Weather" */;
			buildPhases = (
				04E80BD427FC6DDA0022D00C /* Sources */,
				04E80BD527FC6DDA0022D00C /* Frameworks */,
				04E80BD627FC6DDA0022D00C /* Resources */,
			);
			buildRules = (
			);
			dependencies = (
			);
			name = Weather;
			productName = Weather;
			productReference = 04E80BD827FC6DDA0022D00C /* Weather.app */;
			productType = "com.apple.product-type.application";
		};
/* End PBXNativeTarget section */

/* Begin PBXProject section */
		04E80BD027FC6DDA0022D00C /* Project object */ = {
			isa = PBXProject;
			attributes = {
				BuildIndependentTargetsInParallel = 1;
				LastSwiftUpdateCheck = 1330;
				LastUpgradeCheck = 1330;
				TargetAttributes = {
					04E80BD727FC6DDA0022D00C = {
						CreatedOnToolsVersion = 13.3;
					};
				};
			};
			buildConfigurationList = 04E80BD327FC6DDA0022D00C /* Build configuration list for PBXProject "Weather" */;
			compatibilityVersion = "Xcode 13.0";
			developmentRegion = en;
			hasScannedForEncodings = 0;
			knownRegions = (
				en,
				Base,
			);
			mainGroup = 04E80BCF27FC6DDA0022D00C;
			productRefGroup = 04E80BD927FC6DDA0022D00C /* Products */;
			projectDirPath = "";
			projectRoot = "";
			targets = (
				04E80BD727FC6DDA0022D00C /* Weather */,
			);
		};
/* End PBXProject section */

/* Begin PBXResourcesBuildPhase section */
		04E80BD627FC6DDA0022D00C /* Resources */ = {
			isa = PBXResourcesBuildPhase;
			buildActionMask = 2147483647;
			files = (
				04E80BEB27FC6DDB0022D00C /* LaunchScreen.storyboard in Resources */,
				04E80BE827FC6DDB0022D00C /* Assets.xcassets in Resources */,
				04C16A5B27FCB47400D639E1 /* CityTableViewCell.xib in Resources */,
				04E80BE327FC6DDA0022D00C /* Weather.storyboard in Resources */,
			);
			runOnlyForDeploymentPostprocessing = 0;
		};
/* End PBXResourcesBuildPhase section */

/* Begin PBXSourcesBuildPhase section */
		04E80BD427FC6DDA0022D00C /* Sources */ = {
			isa = PBXSourcesBuildPhase;
			buildActionMask = 2147483647;
			files = (
				04E80BE627FC6DDA0022D00C /* Weather.xcdatamodeld in Sources */,
				04C16A4A27FC8EB300D639E1 /* CitiesViewModel.swift in Sources */,
				04E80BDC27FC6DDA0022D00C /* AppDelegate.swift in Sources */,
				04C16A4E27FCA01D00D639E1 /* CitiesViewController.swift in Sources */,
				04E80BDE27FC6DDA0022D00C /* SceneDelegate.swift in Sources */,
				04C16A5A27FCB47400D639E1 /* CityTableViewCell.swift in Sources */,
				04C16A4C27FC9EF000D639E1 /* CityCellViewModel.swift in Sources */,
			);
			runOnlyForDeploymentPostprocessing = 0;
		};
/* End PBXSourcesBuildPhase section */

/* Begin PBXVariantGroup section */
		04E80BE127FC6DDA0022D00C /* Weather.storyboard */ = {
			isa = PBXVariantGroup;
			children = (
				04E80BE227FC6DDA0022D00C /* Base */,
			);
			name = Weather.storyboard;
			sourceTree = "<group>";
		};
		04E80BE927FC6DDB0022D00C /* LaunchScreen.storyboard */ = {
			isa = PBXVariantGroup;
			children = (
				04E80BEA27FC6DDB0022D00C /* Base */,
			);
			name = LaunchScreen.storyboard;
			sourceTree = "<group>";
		};
/* End PBXVariantGroup section */

/* Begin XCBuildConfiguration section */
		04E80BED27FC6DDB0022D00C /* Debug */ = {
			isa = XCBuildConfiguration;
			buildSettings = {
				ALWAYS_SEARCH_USER_PATHS = NO;
				CLANG_ANALYZER_NONNULL = YES;
				CLANG_ANALYZER_NUMBER_OBJECT_CONVERSION = YES_AGGRESSIVE;
				CLANG_CXX_LANGUAGE_STANDARD = "gnu++17";
				CLANG_ENABLE_MODULES = YES;
				CLANG_ENABLE_OBJC_ARC = YES;
				CLANG_ENABLE_OBJC_WEAK = YES;
				CLANG_WARN_BLOCK_CAPTURE_AUTORELEASING = YES;
				CLANG_WARN_BOOL_CONVERSION = YES;
				CLANG_WARN_COMMA = YES;
				CLANG_WARN_CONSTANT_CONVERSION = YES;
				CLANG_WARN_DEPRECATED_OBJC_IMPLEMENTATIONS = YES;
				CLANG_WARN_DIRECT_OBJC_ISA_USAGE = YES_ERROR;
				CLANG_WARN_DOCUMENTATION_COMMENTS = YES;
				CLANG_WARN_EMPTY_BODY = YES;
				CLANG_WARN_ENUM_CONVERSION = YES;
				CLANG_WARN_INFINITE_RECURSION = YES;
				CLANG_WARN_INT_CONVERSION = YES;
				CLANG_WARN_NON_LITERAL_NULL_CONVERSION = YES;
				CLANG_WARN_OBJC_IMPLICIT_RETAIN_SELF = YES;
				CLANG_WARN_OBJC_LITERAL_CONVERSION = YES;
				CLANG_WARN_OBJC_ROOT_CLASS = YES_ERROR;
				CLANG_WARN_QUOTED_INCLUDE_IN_FRAMEWORK_HEADER = YES;
				CLANG_WARN_RANGE_LOOP_ANALYSIS = YES;
				CLANG_WARN_STRICT_PROTOTYPES = YES;
				CLANG_WARN_SUSPICIOUS_MOVE = YES;
				CLANG_WARN_UNGUARDED_AVAILABILITY = YES_AGGRESSIVE;
				CLANG_WARN_UNREACHABLE_CODE = YES;
				CLANG_WARN__DUPLICATE_METHOD_MATCH = YES;
				COPY_PHASE_STRIP = NO;
				DEBUG_INFORMATION_FORMAT = dwarf;
				ENABLE_STRICT_OBJC_MSGSEND = YES;
				ENABLE_TESTABILITY = YES;
				GCC_C_LANGUAGE_STANDARD = gnu11;
				GCC_DYNAMIC_NO_PIC = NO;
				GCC_NO_COMMON_BLOCKS = YES;
				GCC_OPTIMIZATION_LEVEL = 0;
				GCC_PREPROCESSOR_DEFINITIONS = (
					"DEBUG=1",
					"$(inherited)",
				);
				GCC_WARN_64_TO_32_BIT_CONVERSION = YES;
				GCC_WARN_ABOUT_RETURN_TYPE = YES_ERROR;
				GCC_WARN_UNDECLARED_SELECTOR = YES;
				GCC_WARN_UNINITIALIZED_AUTOS = YES_AGGRESSIVE;
				GCC_WARN_UNUSED_FUNCTION = YES;
				GCC_WARN_UNUSED_VARIABLE = YES;
				IPHONEOS_DEPLOYMENT_TARGET = 15.4;
				MTL_ENABLE_DEBUG_INFO = INCLUDE_SOURCE;
				MTL_FAST_MATH = YES;
				ONLY_ACTIVE_ARCH = YES;
				SDKROOT = iphoneos;
				SWIFT_ACTIVE_COMPILATION_CONDITIONS = DEBUG;
				SWIFT_OPTIMIZATION_LEVEL = "-Onone";
			};
			name = Debug;
		};
		04E80BEE27FC6DDB0022D00C /* Release */ = {
			isa = XCBuildConfiguration;
			buildSettings = {
				ALWAYS_SEARCH_USER_PATHS = NO;
				CLANG_ANALYZER_NONNULL = YES;
				CLANG_ANALYZER_NUMBER_OBJECT_CONVERSION = YES_AGGRESSIVE;
				CLANG_CXX_LANGUAGE_STANDARD = "gnu++17";
				CLANG_ENABLE_MODULES = YES;
				CLANG_ENABLE_OBJC_ARC = YES;
				CLANG_ENABLE_OBJC_WEAK = YES;
				CLANG_WARN_BLOCK_CAPTURE_AUTORELEASING = YES;
				CLANG_WARN_BOOL_CONVERSION = YES;
				CLANG_WARN_COMMA = YES;
				CLANG_WARN_CONSTANT_CONVERSION = YES;
				CLANG_WARN_DEPRECATED_OBJC_IMPLEMENTATIONS = YES;
				CLANG_WARN_DIRECT_OBJC_ISA_USAGE = YES_ERROR;
				CLANG_WARN_DOCUMENTATION_COMMENTS = YES;
				CLANG_WARN_EMPTY_BODY = YES;
				CLANG_WARN_ENUM_CONVERSION = YES;
				CLANG_WARN_INFINITE_RECURSION = YES;
				CLANG_WARN_INT_CONVERSION = YES;
				CLANG_WARN_NON_LITERAL_NULL_CONVERSION = YES;
				CLANG_WARN_OBJC_IMPLICIT_RETAIN_SELF = YES;
				CLANG_WARN_OBJC_LITERAL_CONVERSION = YES;
				CLANG_WARN_OBJC_ROOT_CLASS = YES_ERROR;
				CLANG_WARN_QUOTED_INCLUDE_IN_FRAMEWORK_HEADER = YES;
				CLANG_WARN_RANGE_LOOP_ANALYSIS = YES;
				CLANG_WARN_STRICT_PROTOTYPES = YES;
				CLANG_WARN_SUSPICIOUS_MOVE = YES;
				CLANG_WARN_UNGUARDED_AVAILABILITY = YES_AGGRESSIVE;
				CLANG_WARN_UNREACHABLE_CODE = YES;
				CLANG_WARN__DUPLICATE_METHOD_MATCH = YES;
				COPY_PHASE_STRIP = NO;
				DEBUG_INFORMATION_FORMAT = "dwarf-with-dsym";
				ENABLE_NS_ASSERTIONS = NO;
				ENABLE_STRICT_OBJC_MSGSEND = YES;
				GCC_C_LANGUAGE_STANDARD = gnu11;
				GCC_NO_COMMON_BLOCKS = YES;
				GCC_WARN_64_TO_32_BIT_CONVERSION = YES;
				GCC_WARN_ABOUT_RETURN_TYPE = YES_ERROR;
				GCC_WARN_UNDECLARED_SELECTOR = YES;
				GCC_WARN_UNINITIALIZED_AUTOS = YES_AGGRESSIVE;
				GCC_WARN_UNUSED_FUNCTION = YES;
				GCC_WARN_UNUSED_VARIABLE = YES;
				IPHONEOS_DEPLOYMENT_TARGET = 15.4;
				MTL_ENABLE_DEBUG_INFO = NO;
				MTL_FAST_MATH = YES;
				SDKROOT = iphoneos;
				SWIFT_COMPILATION_MODE = wholemodule;
				SWIFT_OPTIMIZATION_LEVEL = "-O";
				VALIDATE_PRODUCT = YES;
			};
			name = Release;
		};
		04E80BF027FC6DDB0022D00C /* Debug */ = {
			isa = XCBuildConfiguration;
			buildSettings = {
				ASSETCATALOG_COMPILER_APPICON_NAME = AppIcon;
				ASSETCATALOG_COMPILER_GLOBAL_ACCENT_COLOR_NAME = AccentColor;
				CODE_SIGN_STYLE = Automatic;
				CURRENT_PROJECT_VERSION = 1;
				DEVELOPMENT_TEAM = 3CTEDJ84N8;
				GENERATE_INFOPLIST_FILE = YES;
				INFOPLIST_FILE = Weather/Info.plist;
				INFOPLIST_KEY_UIApplicationSupportsIndirectInputEvents = YES;
				INFOPLIST_KEY_UILaunchStoryboardName = LaunchScreen;
				INFOPLIST_KEY_UIMainStoryboardFile = Main;
				INFOPLIST_KEY_UISupportedInterfaceOrientations_iPad = "UIInterfaceOrientationPortrait UIInterfaceOrientationPortraitUpsideDown UIInterfaceOrientationLandscapeLeft UIInterfaceOrientationLandscapeRight";
				INFOPLIST_KEY_UISupportedInterfaceOrientations_iPhone = "UIInterfaceOrientationPortrait UIInterfaceOrientationLandscapeLeft UIInterfaceOrientationLandscapeRight";
				LD_RUNPATH_SEARCH_PATHS = (
					"$(inherited)",
					"@executable_path/Frameworks",
				);
				MARKETING_VERSION = 1.0;
				PRODUCT_BUNDLE_IDENTIFIER = com.PlanRadar.Weather;
				PRODUCT_NAME = "$(TARGET_NAME)";
				SWIFT_EMIT_LOC_STRINGS = YES;
				SWIFT_VERSION = 5.0;
				TARGETED_DEVICE_FAMILY = "1,2";
			};
			name = Debug;
		};
		04E80BF127FC6DDB0022D00C /* Release */ = {
			isa = XCBuildConfiguration;
			buildSettings = {
				ASSETCATALOG_COMPILER_APPICON_NAME = AppIcon;
				ASSETCATALOG_COMPILER_GLOBAL_ACCENT_COLOR_NAME = AccentColor;
				CODE_SIGN_STYLE = Automatic;
				CURRENT_PROJECT_VERSION = 1;
				DEVELOPMENT_TEAM = 3CTEDJ84N8;
				GENERATE_INFOPLIST_FILE = YES;
				INFOPLIST_FILE = Weather/Info.plist;
				INFOPLIST_KEY_UIApplicationSupportsIndirectInputEvents = YES;
				INFOPLIST_KEY_UILaunchStoryboardName = LaunchScreen;
				INFOPLIST_KEY_UIMainStoryboardFile = Main;
				INFOPLIST_KEY_UISupportedInterfaceOrientations_iPad = "UIInterfaceOrientationPortrait UIInterfaceOrientationPortraitUpsideDown UIInterfaceOrientationLandscapeLeft UIInterfaceOrientationLandscapeRight";
				INFOPLIST_KEY_UISupportedInterfaceOrientations_iPhone = "UIInterfaceOrientationPortrait UIInterfaceOrientationLandscapeLeft UIInterfaceOrientationLandscapeRight";
				LD_RUNPATH_SEARCH_PATHS = (
					"$(inherited)",
					"@executable_path/Frameworks",
				);
				MARKETING_VERSION = 1.0;
				PRODUCT_BUNDLE_IDENTIFIER = com.PlanRadar.Weather;
				PRODUCT_NAME = "$(TARGET_NAME)";
				SWIFT_EMIT_LOC_STRINGS = YES;
				SWIFT_VERSION = 5.0;
				TARGETED_DEVICE_FAMILY = "1,2";
			};
			name = Release;
		};
/* End XCBuildConfiguration section */

/* Begin XCConfigurationList section */
		04E80BD327FC6DDA0022D00C /* Build configuration list for PBXProject "Weather" */ = {
			isa = XCConfigurationList;
			buildConfigurations = (
				04E80BED27FC6DDB0022D00C /* Debug */,
				04E80BEE27FC6DDB0022D00C /* Release */,
			);
			defaultConfigurationIsVisible = 0;
			defaultConfigurationName = Release;
		};
		04E80BEF27FC6DDB0022D00C /* Build configuration list for PBXNativeTarget "Weather" */ = {
			isa = XCConfigurationList;
			buildConfigurations = (
				04E80BF027FC6DDB0022D00C /* Debug */,
				04E80BF127FC6DDB0022D00C /* Release */,
			);
			defaultConfigurationIsVisible = 0;
			defaultConfigurationName = Release;
		};
/* End XCConfigurationList section */

/* Begin XCVersionGroup section */
		04E80BE427FC6DDA0022D00C /* Weather.xcdatamodeld */ = {
			isa = XCVersionGroup;
			children = (
				04E80BE527FC6DDA0022D00C /* Weather.xcdatamodel */,
			);
			currentVersion = 04E80BE527FC6DDA0022D00C /* Weather.xcdatamodel */;
			path = Weather.xcdatamodeld;
			sourceTree = "<group>";
			versionGroupType = wrapper.xcdatamodel;
		};
/* End XCVersionGroup section */
	};
	rootObject = 04E80BD027FC6DDA0022D00C /* Project object */;
}
